
Microsoft Visual Studio Solution File, Format Version 12.00
# Visual Studio Version 17
VisualStudioVersion = 17.5.33627.172
MinimumVisualStudioVersion = 10.0.40219.1
Project("{9A19103F-16F7-4668-BE54-9A1E7A4F7556}") = "ProgramObligatiorio", "ProgramObligatiorio.csproj", "{02A6D300-25C5-4DAB-8F0C-C13F1F062B46}"
EndProject
Project("{9A19103F-16F7-4668-BE54-9A1E7A4F7556}") = "ClasesObligatorio", "..\ClasesObligatorio\ClasesObligatorio.csproj", "{13324FB9-31A5-4181-AA3D-B523D0784D3C}"
EndProject
Project("{FAE04EC0-301F-11D3-BF4B-00C04F79EFBC}") = "Obligatorio_P2_MVC", "..\Obligatorio_P2_MVC\Obligatorio_P2_MVC.csproj", "{367FAEFB-C0E4-439D-93CA-8915F4AE251E}"
EndProject
Global
	GlobalSection(SolutionConfigurationPlatforms) = preSolution
		Debug|Any CPU = Debug|Any CPU
		Release|Any CPU = Release|Any CPU
	EndGlobalSection
	GlobalSection(ProjectConfigurationPlatforms) = postSolution
		{02A6D300-25C5-4DAB-8F0C-C13F1F062B46}.Debug|Any CPU.ActiveCfg = Debug|Any CPU
		{02A6D300-25C5-4DAB-8F0C-C13F1F062B46}.Debug|Any CPU.Build.0 = Debug|Any CPU
		{02A6D300-25C5-4DAB-8F0C-C13F1F062B46}.Release|Any CPU.ActiveCfg = Release|Any CPU
		{02A6D300-25C5-4DAB-8F0C-C13F1F062B46}.Release|Any CPU.Build.0 = Release|Any CPU
		{13324FB9-31A5-4181-AA3D-B523D0784D3C}.Debug|Any CPU.ActiveCfg = Debug|Any CPU
		{13324FB9-31A5-4181-AA3D-B523D0784D3C}.Debug|Any CPU.Build.0 = Debug|Any CPU
		{13324FB9-31A5-4181-AA3D-B523D0784D3C}.Release|Any CPU.ActiveCfg = Release|Any CPU
		{13324FB9-31A5-4181-AA3D-B523D0784D3C}.Release|Any CPU.Build.0 = Release|Any CPU
		{367FAEFB-C0E4-439D-93CA-8915F4AE251E}.Debug|Any CPU.ActiveCfg = Debug|Any CPU
		{367FAEFB-C0E4-439D-93CA-8915F4AE251E}.Debug|Any CPU.Build.0 = Debug|Any CPU
		{367FAEFB-C0E4-439D-93CA-8915F4AE251E}.Release|Any CPU.ActiveCfg = Release|Any CPU
		{367FAEFB-C0E4-439D-93CA-8915F4AE251E}.Release|Any CPU.Build.0 = Release|Any CPU
	EndGlobalSection
	GlobalSection(SolutionProperties) = preSolution
		HideSolutionNode = FALSE
	EndGlobalSection
	GlobalSection(ExtensibilityGlobals) = postSolution
		SolutionGuid = {2BD5567B-6ECF-4EA4-9987-DED36DA6B2E7}
	EndGlobalSection
EndGlobal
